lockfileVersion: '9.0'

settings:
  autoInstallPeers: true
  excludeLinksFromLockfile: false

importers:

  packages/ui:
    dependencies:
      '@nanisoft/prism-tokens':
        specifier: workspace:*
        version: link:../tokens
      '@design-system/legacy-kit':
        specifier: ^4.0.0
        version: 4.0.0

packages:

  picocolors@1.1.1:
    resolution: {integrity: sha512-KysrKysrantdKysrKysrKysrKysrKysrKysrKysrKysrKysrKysrKysrKysrKysrKysrKysrKysrKysrKw==}

  clsx@2.1.1:
    resolution: {integrity: sha512-eYm0QWBtUrBWZWG0d386OGAw16Z995PiOVo2B7bjWSbHedGl5e0ZWaq65kOGgUSNesEIDkB9ISbTg/JK9dhCZA==}

  '@design-system/legacy-kit@4.0.0':
    resolution: {integrity: sha512-9q/yCljni37pkMr4sPrI3G4jqdIk074+iukc5aFJl7kmDCCsiJrbZ6zKxnES1Gwg+i9RcDZwvktl23puGslmvA==}

  '@ant-design/nextjs-registry@1.0.2':
    resolution: {integrity: sha512-K1A6z8tS3XsmCMM86xoWdn7Fkdn9m6RSVtocUrJYIwZnFVkng/PvkEoWtOWmP+Scc6saYWHWZYbndEEXxl24jw==}

  antd@6.6.4:
    resolution: {integrity: sha512-9q/yCljni37pkMr4sPrI3G4jqdIk074+iukc5aFJl7kmDCCsiJrbZ6zKxnES1Gwg+i9RcDZwvktl23puGslmvA==}

snapshots:

  picocolors@1.1.1: {}

  clsx@2.1.1:
    dependencies:
      picocolors: 1.1.1

  '@design-system/legacy-kit@4.0.0':
    dependencies:
      '@ant-design/nextjs-registry': 1.0.2
      antd: 6.6.4
      picocolors: 1.1.1

  '@ant-design/nextjs-registry@1.0.2':
    dependencies:
      antd: 6.6.4
      picocolors: 1.1.1

  antd@6.6.4:
    dependencies:
      picocolors: 1.1.1
